{
  "name": "songloft-plugin-hostc",
  "version": "0.1.0",
  "lockfileVersion": 3,
  "requires": true,
  "packages": {
    "": {
      "name": "songloft-plugin-hostc",
      "version": "0.1.0",
      "devDependencies": {
        "@songloft/plugin-builder": "file:../../plugin-toolchain/packages/plugin-builder",
        "@songloft/plugin-sdk": "^2.2.3",
        "typescript": "^5.7.0"
      }
    },
    "../../plugin-toolchain/packages/plugin-builder": {
      "name": "@songloft/plugin-builder",
      "version": "2.2.4",
      "dev": true,
      "license": "Apache-2.0",
      "dependencies": {
        "@songloft/jsc": "workspace:*",
        "esbuild": "^0.25.0",
        "glob": "^11.0.0",
        "jszip": "^3.10.0"
      },
      "bin": {
        "songloft-plugin": "dist/cli.js"
      },
      "devDependencies": {
        "@songloft/plugin-sdk": "workspace:^",
        "@types/node": "^22.0.0",
        "tsup": "^8.0.0",
        "typescript": "^5.7.0"
      }
    },
    "node_modules/@songloft/plugin-builder": {
      "resolved": "../../plugin-toolchain/packages/plugin-builder",
      "link": true
    },
    "node_modules/@songloft/plugin-sdk": {
      "version": "2.2.4",
      "resolved": "https://registry.npmjs.org/@songloft/plugin-sdk/-/plugin-sdk-2.2.4.tgz",
      "integrity": "sha512-+GlTasuWDKcqRiLpBCp/SIzfHqjGTTWKCp723x5T8rqg4hBZGzvMbhXo+IQLvDLNoDZ1WP0840m28NG/9HYjiA==",
      "dev": true,
      "license": "Apache-2.0"
    },
    "node_modules/typescript": {
      "version": "5.9.3",
      "resolved": "https://registry.npmjs.org/typescript/-/typescript-5.9.3.tgz",
      "integrity": "sha512-jl1vZzPDinLr9eUt3J/t7V6FgNEw9QjvBPdysz9KfQDD41fQrC2Y4vKQdiaUpFT4bXlb1RHhLpp8wtm6M5TgSw==",
      "dev": true,
      "license": "Apache-2.0",
      "bin": {
        "tsc": "bin/tsc",
        "tsserver": "bin/tsserver"
      },
      "engines": {
        "node": ">=14.17"
      }
    }
  }
}
